Microsoft Visual Studio Solution File, Format Version 12.00
# Visual Studio 2012
Project("{FAE04EC0-301F-11D3-BF4B-00C04F79EFBC}") = "SnakeInSpireExtend", "SnakeInSpireExtend.csproj", "{17A9C110-361C-43D5-9EBA-AB1677A7A23E}"
EndProject
Global
	GlobalSection(SolutionConfigurationPlatforms) = preSolution
	Debug|Any CPU = Debug|Any CPU
	ExportDebug|Any CPU = ExportDebug|Any CPU
	ExportRelease|Any CPU = ExportRelease|Any CPU
	EndGlobalSection
	GlobalSection(ProjectConfigurationPlatforms) = postSolution
		{17A9C110-361C-43D5-9EBA-AB1677A7A23E}.Debug|Any CPU.ActiveCfg = Debug|Any CPU
		{17A9C110-361C-43D5-9EBA-AB1677A7A23E}.Debug|Any CPU.Build.0 = Debug|Any CPU
		{17A9C110-361C-43D5-9EBA-AB1677A7A23E}.ExportDebug|Any CPU.ActiveCfg = ExportDebug|Any CPU
		{17A9C110-361C-43D5-9EBA-AB1677A7A23E}.ExportDebug|Any CPU.Build.0 = ExportDebug|Any CPU
		{17A9C110-361C-43D5-9EBA-AB1677A7A23E}.ExportRelease|Any CPU.ActiveCfg = ExportRelease|Any CPU
		{17A9C110-361C-43D5-9EBA-AB1677A7A23E}.ExportRelease|Any CPU.Build.0 = ExportRelease|Any CPU
	EndGlobalSection
EndGlobal
